Microsoft Visual Studio Solution File, Format Version 12.00
Project("{FAE04EC0-301F-11D3-BF4B-00C04F79EFBC}") = "DiskChecker", "DiskChecker\DiskChecker.csproj", "{190EA815-96DB-4BEF-9FDA-B3786D32083A}"
EndProject
Project("{FAE04EC0-301F-11D3-BF4B-00C04F79EFBC}") = "LogViewer", "LogViewer\LogViewer.csproj", "{43A38ABA-8A5F-4E84-AB49-F22A157A66EA}"
EndProject
Global
	GlobalSection(SolutionConfigurationPlatforms) = preSolution
		Debug|Any CPU = Debug|Any CPU
		Release|Any CPU = Release|Any CPU
	EndGlobalSection
	GlobalSection(ProjectConfigurationPlatforms) = postSolution
		{190EA815-96DB-4BEF-9FDA-B3786D32083A}.Debug|Any CPU.ActiveCfg = Debug|Any CPU
		{190EA815-96DB-4BEF-9FDA-B3786D32083A}.Debug|Any CPU.Build.0 = Debug|Any CPU
		{190EA815-96DB-4BEF-9FDA-B3786D32083A}.Release|Any CPU.ActiveCfg = Release|Any CPU
		{190EA815-96DB-4BEF-9FDA-B3786D32083A}.Release|Any CPU.Build.0 = Release|Any CPU
		{43A38ABA-8A5F-4E84-AB49-F22A157A66EA}.Debug|Any CPU.ActiveCfg = Debug|Any CPU
		{43A38ABA-8A5F-4E84-AB49-F22A157A66EA}.Debug|Any CPU.Build.0 = Debug|Any CPU
		{43A38ABA-8A5F-4E84-AB49-F22A157A66EA}.Release|Any CPU.ActiveCfg = Release|Any CPU
		{43A38ABA-8A5F-4E84-AB49-F22A157A66EA}.Release|Any CPU.Build.0 = Release|Any CPU
	EndGlobalSection
EndGlobal
